
Microsoft Visual Studio Solution File, Format Version 12.00
# Visual Studio Version 17
VisualStudioVersion = 17.8.34330.188
MinimumVisualStudioVersion = 10.0.40219.1
Project("{9A19103F-16F7-4668-BE54-9A1E7A4F7556}") = "Singleton_Design_Pattern_Pratic", "Singleton_Design_Pattern_Pratic\Singleton_Design_Pattern_Pratic.csproj", "{9E25D50B-2975-4EED-B124-984075BAC800}"
EndProject
Project("{9A19103F-16F7-4668-BE54-9A1E7A4F7556}") = "Singleton_Design_Pattern_AspNetCore_Pratic", "Singleton_Design_Pattern_AspNetCore_Pratic\Singleton_Design_Pattern_AspNetCore_Pratic.csproj", "{322B2607-8D55-4351-8025-D856DAAC1267}"
EndProject
Project("{9A19103F-16F7-4668-BE54-9A1E7A4F7556}") = "Singleton_Design_Pattern_Asynchronous_Pratic", "Singleton_Design_Pattern_Asynchronous_Pratic\Singleton_Design_Pattern_Asynchronous_Pratic.csproj", "{B06C3DDC-5EA0-4658-BED0-79948296894C}"
EndProject
Project("{9A19103F-16F7-4668-BE54-9A1E7A4F7556}") = "Multiton_Design_Pattern_Pratic", "Multiton_Design_Pattern_Pratic\Multiton_Design_Pattern_Pratic.csproj", "{2974E34D-D0D6-4B8F-A8CA-B441AB6C71F7}"
EndProject
Project("{FAE04EC0-301F-11D3-BF4B-00C04F79EFBC}") = "Factory_Method_Design_Pattern_Pratic", "Factory_Method_Design_Pattern_Pratic\Factory_Method_Design_Pattern_Pratic.csproj", "{30B28D99-EB3D-4F72-8C43-F19919BF4C2C}"
EndProject
Global
	GlobalSection(SolutionConfigurationPlatforms) = preSolution
		Debug|Any CPU = Debug|Any CPU
		Release|Any CPU = Release|Any CPU
	EndGlobalSection
	GlobalSection(ProjectConfigurationPlatforms) = postSolution
		{9E25D50B-2975-4EED-B124-984075BAC800}.Debug|Any CPU.ActiveCfg = Debug|Any CPU
		{9E25D50B-2975-4EED-B124-984075BAC800}.Debug|Any CPU.Build.0 = Debug|Any CPU
		{9E25D50B-2975-4EED-B124-984075BAC800}.Release|Any CPU.ActiveCfg = Release|Any CPU
		{9E25D50B-2975-4EED-B124-984075BAC800}.Release|Any CPU.Build.0 = Release|Any CPU
		{322B2607-8D55-4351-8025-D856DAAC1267}.Debug|Any CPU.ActiveCfg = Debug|Any CPU
		{322B2607-8D55-4351-8025-D856DAAC1267}.Debug|Any CPU.Build.0 = Debug|Any CPU
		{322B2607-8D55-4351-8025-D856DAAC1267}.Release|Any CPU.ActiveCfg = Release|Any CPU
		{322B2607-8D55-4351-8025-D856DAAC1267}.Release|Any CPU.Build.0 = Release|Any CPU
		{B06C3DDC-5EA0-4658-BED0-79948296894C}.Debug|Any CPU.ActiveCfg = Debug|Any CPU
		{B06C3DDC-5EA0-4658-BED0-79948296894C}.Debug|Any CPU.Build.0 = Debug|Any CPU
		{B06C3DDC-5EA0-4658-BED0-79948296894C}.Release|Any CPU.ActiveCfg = Release|Any CPU
		{B06C3DDC-5EA0-4658-BED0-79948296894C}.Release|Any CPU.Build.0 = Release|Any CPU
		{2974E34D-D0D6-4B8F-A8CA-B441AB6C71F7}.Debug|Any CPU.ActiveCfg = Debug|Any CPU
		{2974E34D-D0D6-4B8F-A8CA-B441AB6C71F7}.Debug|Any CPU.Build.0 = Debug|Any CPU
		{2974E34D-D0D6-4B8F-A8CA-B441AB6C71F7}.Release|Any CPU.ActiveCfg = Release|Any CPU
		{2974E34D-D0D6-4B8F-A8CA-B441AB6C71F7}.Release|Any CPU.Build.0 = Release|Any CPU
		{30B28D99-EB3D-4F72-8C43-F19919BF4C2C}.Debug|Any CPU.ActiveCfg = Debug|Any CPU
		{30B28D99-EB3D-4F72-8C43-F19919BF4C2C}.Debug|Any CPU.Build.0 = Debug|Any CPU
		{30B28D99-EB3D-4F72-8C43-F19919BF4C2C}.Release|Any CPU.ActiveCfg = Release|Any CPU
		{30B28D99-EB3D-4F72-8C43-F19919BF4C2C}.Release|Any CPU.Build.0 = Release|Any CPU
	EndGlobalSection
	GlobalSection(SolutionProperties) = preSolution
		HideSolutionNode = FALSE
	EndGlobalSection
	GlobalSection(ExtensibilityGlobals) = postSolution
		SolutionGuid = {17C49A41-335E-44D9-A939-C5B1009390DD}
	EndGlobalSection
EndGlobal
