
Microsoft Visual Studio Solution File, Format Version 12.00
# Visual Studio Version 17
VisualStudioVersion = 17.8.34330.188
MinimumVisualStudioVersion = 10.0.40219.1
Project("{9A19103F-16F7-4668-BE54-9A1E7A4F7556}") = "Singleton_Design_Pattern_Pratic", "Singleton_Design_Pattern_Pratic\Singleton_Design_Pattern_Pratic.csproj", "{9E25D50B-2975-4EED-B124-984075BAC800}"
EndProject
Project("{9A19103F-16F7-4668-BE54-9A1E7A4F7556}") = "Singleton_Design_Pattern_AspNetCore_Pratic", "Singleton_Design_Pattern_AspNetCore_Pratic\Singleton_Design_Pattern_AspNetCore_Pratic.csproj", "{322B2607-8D55-4351-8025-D856DAAC1267}"
EndProject
Project("{9A19103F-16F7-4668-BE54-9A1E7A4F7556}") = "Singleton_Design_Pattern_Asynchronous_Pratic", "Singleton_Design_Pattern_Asynchronous_Pratic\Singleton_Design_Pattern_Asynchronous_Pratic.csproj", "{B06C3DDC-5EA0-4658-BED0-79948296894C}"
EndProject
Project("{9A19103F-16F7-4668-BE54-9A1E7A4F7556}") = "Multiton_Design_Pattern_Pratic", "Multiton_Design_Pattern_Pratic\Multiton_Design_Pattern_Pratic.csproj", "{2974E34D-D0D6-4B8F-A8CA-B441AB6C71F7}"
EndProject
Project("{9A19103F-16F7-4668-BE54-9A1E7A4F7556}") = "Factory_Method_Design_Pattern_Pratic", "Factory_Method_Design_Pattern_Pratic\Factory_Method_Design_Pattern_Pratic.csproj", "{30B28D99-EB3D-4F72-8C43-F19919BF4C2C}"
EndProject
Project("{9A19103F-16F7-4668-BE54-9A1E7A4F7556}") = "Factory_Method_Design_Pattern_BankExample", "Factory_Method_Design_Pattern_BankExample\Factory_Method_Design_Pattern_BankExample.csproj", "{75963439-F049-40D5-B145-DEBC6B9CA7C6}"
EndProject
Project("{9A19103F-16F7-4668-BE54-9A1E7A4F7556}") = "Abstract_Factory_Design_Pattern_Pratic", "Abstract_Factory_Design_Pattern_Pratic\Abstract_Factory_Design_Pattern_Pratic.csproj", "{109FE1B0-6CDF-4597-921B-B61CC5105C37}"
EndProject
Project("{9A19103F-16F7-4668-BE54-9A1E7A4F7556}") = "Factory_Method_Design_Pattern_BankExample2", "Factory_Method_Design_Pattern_BankExample2\Factory_Method_Design_Pattern_BankExample2.csproj", "{96385AC9-5265-43A2-9827-B1091228274D}"
EndProject
Project("{9A19103F-16F7-4668-BE54-9A1E7A4F7556}") = "Abstract_Factory_Design_Pattern_Pratic2", "Abstract_Factory_Design_Pattern_Pratic2\Abstract_Factory_Design_Pattern_Pratic2.csproj", "{7C1D138A-9350-4D14-A79E-A3A898FAEFB2}"
EndProject
Project("{9A19103F-16F7-4668-BE54-9A1E7A4F7556}") = "Abstract_Factory_Design_Pattern_Example", "Abstract_Factory_Design_Pattern_Example\Abstract_Factory_Design_Pattern_Example.csproj", "{F6F645F3-4E38-4583-99B3-1CE595B5C3E4}"
EndProject
Project("{9A19103F-16F7-4668-BE54-9A1E7A4F7556}") = "Prototype_Design_Pattern_Pratic", "Prototype_Design_Pattern_Pratic\Prototype_Design_Pattern_Pratic.csproj", "{55E5F2C0-49BA-4531-9D80-6421A67AC1E9}"
EndProject
Project("{9A19103F-16F7-4668-BE54-9A1E7A4F7556}") = "Prototype_Design_Pattern_Pratic2", "Prototype_Design_Pattern_Pratic2\Prototype_Design_Pattern_Pratic2.csproj", "{2E61F641-696D-4302-9EB9-F6E18845059B}"
EndProject
Project("{FAE04EC0-301F-11D3-BF4B-00C04F79EFBC}") = "Object_Pool_Design_Pattern_Pratic", "Object_Pool_Design_Pattern_Pratic\Object_Pool_Design_Pattern_Pratic.csproj", "{3C5058E8-FC87-4807-B5DD-2337BFAB8B02}"
EndProject
Global
	GlobalSection(SolutionConfigurationPlatforms) = preSolution
		Debug|Any CPU = Debug|Any CPU
		Release|Any CPU = Release|Any CPU
	EndGlobalSection
	GlobalSection(ProjectConfigurationPlatforms) = postSolution
		{9E25D50B-2975-4EED-B124-984075BAC800}.Debug|Any CPU.ActiveCfg = Debug|Any CPU
		{9E25D50B-2975-4EED-B124-984075BAC800}.Debug|Any CPU.Build.0 = Debug|Any CPU
		{9E25D50B-2975-4EED-B124-984075BAC800}.Release|Any CPU.ActiveCfg = Release|Any CPU
		{9E25D50B-2975-4EED-B124-984075BAC800}.Release|Any CPU.Build.0 = Release|Any CPU
		{322B2607-8D55-4351-8025-D856DAAC1267}.Debug|Any CPU.ActiveCfg = Debug|Any CPU
		{322B2607-8D55-4351-8025-D856DAAC1267}.Debug|Any CPU.Build.0 = Debug|Any CPU
		{322B2607-8D55-4351-8025-D856DAAC1267}.Release|Any CPU.ActiveCfg = Release|Any CPU
		{322B2607-8D55-4351-8025-D856DAAC1267}.Release|Any CPU.Build.0 = Release|Any CPU
		{B06C3DDC-5EA0-4658-BED0-79948296894C}.Debug|Any CPU.ActiveCfg = Debug|Any CPU
		{B06C3DDC-5EA0-4658-BED0-79948296894C}.Debug|Any CPU.Build.0 = Debug|Any CPU
		{B06C3DDC-5EA0-4658-BED0-79948296894C}.Release|Any CPU.ActiveCfg = Release|Any CPU
		{B06C3DDC-5EA0-4658-BED0-79948296894C}.Release|Any CPU.Build.0 = Release|Any CPU
		{2974E34D-D0D6-4B8F-A8CA-B441AB6C71F7}.Debug|Any CPU.ActiveCfg = Debug|Any CPU
		{2974E34D-D0D6-4B8F-A8CA-B441AB6C71F7}.Debug|Any CPU.Build.0 = Debug|Any CPU
		{2974E34D-D0D6-4B8F-A8CA-B441AB6C71F7}.Release|Any CPU.ActiveCfg = Release|Any CPU
		{2974E34D-D0D6-4B8F-A8CA-B441AB6C71F7}.Release|Any CPU.Build.0 = Release|Any CPU
		{30B28D99-EB3D-4F72-8C43-F19919BF4C2C}.Debug|Any CPU.ActiveCfg = Debug|Any CPU
		{30B28D99-EB3D-4F72-8C43-F19919BF4C2C}.Debug|Any CPU.Build.0 = Debug|Any CPU
		{30B28D99-EB3D-4F72-8C43-F19919BF4C2C}.Release|Any CPU.ActiveCfg = Release|Any CPU
		{30B28D99-EB3D-4F72-8C43-F19919BF4C2C}.Release|Any CPU.Build.0 = Release|Any CPU
		{75963439-F049-40D5-B145-DEBC6B9CA7C6}.Debug|Any CPU.ActiveCfg = Debug|Any CPU
		{75963439-F049-40D5-B145-DEBC6B9CA7C6}.Debug|Any CPU.Build.0 = Debug|Any CPU
		{75963439-F049-40D5-B145-DEBC6B9CA7C6}.Release|Any CPU.ActiveCfg = Release|Any CPU
		{75963439-F049-40D5-B145-DEBC6B9CA7C6}.Release|Any CPU.Build.0 = Release|Any CPU
		{109FE1B0-6CDF-4597-921B-B61CC5105C37}.Debug|Any CPU.ActiveCfg = Debug|Any CPU
		{109FE1B0-6CDF-4597-921B-B61CC5105C37}.Debug|Any CPU.Build.0 = Debug|Any CPU
		{109FE1B0-6CDF-4597-921B-B61CC5105C37}.Release|Any CPU.ActiveCfg = Release|Any CPU
		{109FE1B0-6CDF-4597-921B-B61CC5105C37}.Release|Any CPU.Build.0 = Release|Any CPU
		{96385AC9-5265-43A2-9827-B1091228274D}.Debug|Any CPU.ActiveCfg = Debug|Any CPU
		{96385AC9-5265-43A2-9827-B1091228274D}.Debug|Any CPU.Build.0 = Debug|Any CPU
		{96385AC9-5265-43A2-9827-B1091228274D}.Release|Any CPU.ActiveCfg = Release|Any CPU
		{96385AC9-5265-43A2-9827-B1091228274D}.Release|Any CPU.Build.0 = Release|Any CPU
		{7C1D138A-9350-4D14-A79E-A3A898FAEFB2}.Debug|Any CPU.ActiveCfg = Debug|Any CPU
		{7C1D138A-9350-4D14-A79E-A3A898FAEFB2}.Debug|Any CPU.Build.0 = Debug|Any CPU
		{7C1D138A-9350-4D14-A79E-A3A898FAEFB2}.Release|Any CPU.ActiveCfg = Release|Any CPU
		{7C1D138A-9350-4D14-A79E-A3A898FAEFB2}.Release|Any CPU.Build.0 = Release|Any CPU
		{F6F645F3-4E38-4583-99B3-1CE595B5C3E4}.Debug|Any CPU.ActiveCfg = Debug|Any CPU
		{F6F645F3-4E38-4583-99B3-1CE595B5C3E4}.Debug|Any CPU.Build.0 = Debug|Any CPU
		{F6F645F3-4E38-4583-99B3-1CE595B5C3E4}.Release|Any CPU.ActiveCfg = Release|Any CPU
		{F6F645F3-4E38-4583-99B3-1CE595B5C3E4}.Release|Any CPU.Build.0 = Release|Any CPU
		{55E5F2C0-49BA-4531-9D80-6421A67AC1E9}.Debug|Any CPU.ActiveCfg = Debug|Any CPU
		{55E5F2C0-49BA-4531-9D80-6421A67AC1E9}.Debug|Any CPU.Build.0 = Debug|Any CPU
		{55E5F2C0-49BA-4531-9D80-6421A67AC1E9}.Release|Any CPU.ActiveCfg = Release|Any CPU
		{55E5F2C0-49BA-4531-9D80-6421A67AC1E9}.Release|Any CPU.Build.0 = Release|Any CPU
		{2E61F641-696D-4302-9EB9-F6E18845059B}.Debug|Any CPU.ActiveCfg = Debug|Any CPU
		{2E61F641-696D-4302-9EB9-F6E18845059B}.Debug|Any CPU.Build.0 = Debug|Any CPU
		{2E61F641-696D-4302-9EB9-F6E18845059B}.Release|Any CPU.ActiveCfg = Release|Any CPU
		{2E61F641-696D-4302-9EB9-F6E18845059B}.Release|Any CPU.Build.0 = Release|Any CPU
		{3C5058E8-FC87-4807-B5DD-2337BFAB8B02}.Debug|Any CPU.ActiveCfg = Debug|Any CPU
		{3C5058E8-FC87-4807-B5DD-2337BFAB8B02}.Debug|Any CPU.Build.0 = Debug|Any CPU
		{3C5058E8-FC87-4807-B5DD-2337BFAB8B02}.Release|Any CPU.ActiveCfg = Release|Any CPU
		{3C5058E8-FC87-4807-B5DD-2337BFAB8B02}.Release|Any CPU.Build.0 = Release|Any CPU
	EndGlobalSection
	GlobalSection(SolutionProperties) = preSolution
		HideSolutionNode = FALSE
	EndGlobalSection
	GlobalSection(ExtensibilityGlobals) = postSolution
		SolutionGuid = {17C49A41-335E-44D9-A939-C5B1009390DD}
	EndGlobalSection
EndGlobal
